// !$*UTF8*$!
{
	archiveVersion = 1;
	classes = {
	};
	objectVersion = 46;
	objects = {

/* Begin PBXBuildFile section */
		1D3C46E51F0B147A00876582 /* DeathAnimation.sks in Resources */ = {isa = PBXBuildFile; fileRef = 1D3C46E41F0B147A00876582 /* DeathAnimation.sks */; };
		1D3C46E71F0B2B0200876582 /* Button.swift in Sources */ = {isa = PBXBuildFile; fileRef = 1D3C46E61F0B2B0200876582 /* Button.swift */; };
		1D721A641EFB33EE00CC6F5C /* TileSets.sks in Resources */ = {isa = PBXBuildFile; fileRef = 1D721A631EFB33EE00CC6F5C /* TileSets.sks */; };
		1D8FD2581EF5CB8100C29815 /* CGFloat+Extensions.swift in Sources */ = {isa = PBXBuildFile; fileRef = 1D8FD24C1EF5CB8100C29815 /* CGFloat+Extensions.swift */; };
		1D8FD2591EF5CB8100C29815 /* CGPoint+Extensions.swift in Sources */ = {isa = PBXBuildFile; fileRef = 1D8FD24D1EF5CB8100C29815 /* CGPoint+Extensions.swift */; };
		1D8FD25A1EF5CB8100C29815 /* CGVector+Extensions.swift in Sources */ = {isa = PBXBuildFile; fileRef = 1D8FD24E1EF5CB8100C29815 /* CGVector+Extensions.swift */; };
		1D8FD25B1EF5CB8100C29815 /* Int+Extensions.swift in Sources */ = {isa = PBXBuildFile; fileRef = 1D8FD24F1EF5CB8100C29815 /* Int+Extensions.swift */; };
		1D8FD25C1EF5CB8100C29815 /* SKAction+Extensions.swift in Sources */ = {isa = PBXBuildFile; fileRef = 1D8FD2501EF5CB8100C29815 /* SKAction+Extensions.swift */; };
		1D8FD25D1EF5CB8100C29815 /* SKAction+SpecialEffects.swift in Sources */ = {isa = PBXBuildFile; fileRef = 1D8FD2511EF5CB8100C29815 /* SKAction+SpecialEffects.swift */; };
		1D8FD25E1EF5CB8100C29815 /* SKColor+Extensions.swift in Sources */ = {isa = PBXBuildFile; fileRef = 1D8FD2521EF5CB8100C29815 /* SKColor+Extensions.swift */; };
		1D8FD25F1EF5CB8100C29815 /* SKNode+Extensions.swift in Sources */ = {isa = PBXBuildFile; fileRef = 1D8FD2531EF5CB8100C29815 /* SKNode+Extensions.swift */; };
		1D8FD2601EF5CB8100C29815 /* SKTAudio.swift in Sources */ = {isa = PBXBuildFile; fileRef = 1D8FD2541EF5CB8100C29815 /* SKTAudio.swift */; };
		1D8FD2611EF5CB8100C29815 /* SKTEffects.swift in Sources */ = {isa = PBXBuildFile; fileRef = 1D8FD2551EF5CB8100C29815 /* SKTEffects.swift */; };
		1D8FD2621EF5CB8100C29815 /* SKTTimingFunctions.swift in Sources */ = {isa = PBXBuildFile; fileRef = 1D8FD2561EF5CB8100C29815 /* SKTTimingFunctions.swift */; };
		1D8FD2631EF5CB8100C29815 /* Vector3.swift in Sources */ = {isa = PBXBuildFile; fileRef = 1D8FD2571EF5CB8100C29815 /* Vector3.swift */; };
		1D8FD2651EF5F39C00C29815 /* Human.swift in Sources */ = {isa = PBXBuildFile; fileRef = 1D8FD2641EF5F39C00C29815 /* Human.swift */; };
		1DBF7EA51F06FF6E00E8CB83 /* Assets.xcassets in Resources */ = {isa = PBXBuildFile; fileRef = 1DBF7EA31F06FF6E00E8CB83 /* Assets.xcassets */; };
		1DCD16A21F11A2A50036A972 /* Splat.sks in Resources */ = {isa = PBXBuildFile; fileRef = 1DCD16A11F11A2A50036A972 /* Splat.sks */; };
		1DCD16A41F11D06C0036A972 /* zMusic.mp3 in Resources */ = {isa = PBXBuildFile; fileRef = 1DCD16A31F11D06B0036A972 /* zMusic.mp3 */; };
		1DCD16A81F11D09B0036A972 /* brains.wav in Resources */ = {isa = PBXBuildFile; fileRef = 1DCD16A51F11D09B0036A972 /* brains.wav */; };
		1DCD16A91F11D09B0036A972 /* brains2.wav in Resources */ = {isa = PBXBuildFile; fileRef = 1DCD16A61F11D09B0036A972 /* brains2.wav */; };
		1DCD16AA1F11D09B0036A972 /* brains3.wav in Resources */ = {isa = PBXBuildFile; fileRef = 1DCD16A71F11D09B0036A972 /* brains3.wav */; };
		1DCD16AC1F11D0D30036A972 /* groan.wav in Resources */ = {isa = PBXBuildFile; fileRef = 1DCD16AB1F11D0D30036A972 /* groan.wav */; };
		1DCD16AE1F11D0EA0036A972 /* rar.wav in Resources */ = {isa = PBXBuildFile; fileRef = 1DCD16AD1F11D0EA0036A972 /* rar.wav */; };
		1DCE17FD1EFEEF6000554C4A /* Types.swift in Sources */ = {isa = PBXBuildFile; fileRef = 1DCE17FC1EFEEF6000554C4A /* Types.swift */; };
		1DCE17FF1EFF514400554C4A /* HUD.swift in Sources */ = {isa = PBXBuildFile; fileRef = 1DCE17FE1EFF514400554C4A /* HUD.swift */; };
		1DDB06431EECC0B4002B0707 /* AppDelegate.swift in Sources */ = {isa = PBXBuildFile; fileRef = 1DDB06421EECC0B4002B0707 /* AppDelegate.swift */; };
		1DDB06451EECC0B4002B0707 /* GameScene.sks in Resources */ = {isa = PBXBuildFile; fileRef = 1DDB06441EECC0B4002B0707 /* GameScene.sks */; };
		1DDB06471EECC0B4002B0707 /* Actions.sks in Resources */ = {isa = PBXBuildFile; fileRef = 1DDB06461EECC0B4002B0707 /* Actions.sks */; };
		1DDB06491EECC0B4002B0707 /* GameScene.swift in Sources */ = {isa = PBXBuildFile; fileRef = 1DDB06481EECC0B4002B0707 /* GameScene.swift */; };
		1DDB064B1EECC0B4002B0707 /* GameViewController.swift in Sources */ = {isa = PBXBuildFile; fileRef = 1DDB064A1EECC0B4002B0707 /* GameViewController.swift */; };
		1DDB064E1EECC0B4002B0707 /* Main.storyboard in Resources */ = {isa = PBXBuildFile; fileRef = 1DDB064C1EECC0B4002B0707 /* Main.storyboard */; };
		1DDB06501EECC0B4002B0707 /* Assets.xcassets in Resources */ = {isa = PBXBuildFile; fileRef = 1DDB064F1EECC0B4002B0707 /* Assets.xcassets */; };
		1DDB06531EECC0B4002B0707 /* LaunchScreen.storyboard in Resources */ = {isa = PBXBuildFile; fileRef = 1DDB06511EECC0B4002B0707 /* LaunchScreen.storyboard */; };
		1DE48A881F0EED5B00244A88 /* Brainz.sks in Resources */ = {isa = PBXBuildFile; fileRef = 1DE48A871F0EED5B00244A88 /* Brainz.sks */; };
		1DE48A8A1F0EEF1500244A88 /* Shout.sks in Resources */ = {isa = PBXBuildFile; fileRef = 1DE48A891F0EEF1500244A88 /* Shout.sks */; };
		1DF0AA3B1F13F42800072810 /* SeashorePeaceAmbiance.mp3 in Resources */ = {isa = PBXBuildFile; fileRef = 1DF0AA3A1F13F42800072810 /* SeashorePeaceAmbiance.mp3 */; };
		1DF0AA431F13F89D00072810 /* Monster-1.wav in Resources */ = {isa = PBXBuildFile; fileRef = 1DF0AA3C1F13F89D00072810 /* Monster-1.wav */; };
		1DF0AA441F13F89D00072810 /* Monster-2.wav in Resources */ = {isa = PBXBuildFile; fileRef = 1DF0AA3D1F13F89D00072810 /* Monster-2.wav */; };
		1DF0AA451F13F89D00072810 /* Monster-3.wav in Resources */ = {isa = PBXBuildFile; fileRef = 1DF0AA3E1F13F89D00072810 /* Monster-3.wav */; };
		1DF0AA4C1F13FC3000072810 /* reload.mp3 in Resources */ = {isa = PBXBuildFile; fileRef = 1DF0AA4A1F13FC3000072810 /* reload.mp3 */; };
		1DF0AA4F1F13FEBD00072810 /* shoot.wav in Resources */ = {isa = PBXBuildFile; fileRef = 1DF0AA4E1F13FEBD00072810 /* shoot.wav */; };
/* End PBXBuildFile section */

/* Begin PBXFileReference section */
		1D3C46E41F0B147A00876582 /* DeathAnimation.sks */ = {isa = PBXFileReference; lastKnownFileType = file.sks; path = DeathAnimation.sks; sourceTree = "<group>"; };
		1D3C46E61F0B2B0200876582 /* Button.swift */ = {isa = PBXFileReference; fileEncoding = 4; lastKnownFileType = sourcecode.swift; path = Button.swift; sourceTree = "<group>"; };
		1D721A631EFB33EE00CC6F5C /* TileSets.sks */ = {isa = PBXFileReference; lastKnownFileType = file.sks; name = TileSets.sks; path = "Tap Tap Infect/TileSets.sks"; sourceTree = "<group>"; };
		1D8FD24C1EF5CB8100C29815 /* CGFloat+Extensions.swift */ = {isa = PBXFileReference; fileEncoding = 4; lastKnownFileType = sourcecode.swift; path = "CGFloat+Extensions.swift"; sourceTree = "<group>"; };
		1D8FD24D1EF5CB8100C29815 /* CGPoint+Extensions.swift */ = {isa = PBXFileReference; fileEncoding = 4; lastKnownFileType = sourcecode.swift; path = "CGPoint+Extensions.swift"; sourceTree = "<group>"; };
		1D8FD24E1EF5CB8100C29815 /* CGVector+Extensions.swift */ = {isa = PBXFileReference; fileEncoding = 4; lastKnownFileType = sourcecode.swift; path = "CGVector+Extensions.swift"; sourceTree = "<group>"; };
		1D8FD24F1EF5CB8100C29815 /* Int+Extensions.swift */ = {isa = PBXFileReference; fileEncoding = 4; lastKnownFileType = sourcecode.swift; path = "Int+Extensions.swift"; sourceTree = "<group>"; };
		1D8FD2501EF5CB8100C29815 /* SKAction+Extensions.swift */ = {isa = PBXFileReference; fileEncoding = 4; lastKnownFileType = sourcecode.swift; path = "SKAction+Extensions.swift"; sourceTree = "<group>"; };
		1D8FD2511EF5CB8100C29815 /* SKAction+SpecialEffects.swift */ = {isa = PBXFileReference; fileEncoding = 4; lastKnownFileType = sourcecode.swift; path = "SKAction+SpecialEffects.swift"; sourceTree = "<group>"; };
		1D8FD2521EF5CB8100C29815 /* SKColor+Extensions.swift */ = {isa = PBXFileReference; fileEncoding = 4; lastKnownFileType = sourcecode.swift; path = "SKColor+Extensions.swift"; sourceTree = "<group>"; };
		1D8FD2531EF5CB8100C29815 /* SKNode+Extensions.swift */ = {isa = PBXFileReference; fileEncoding = 4; lastKnownFileType = sourcecode.swift; path = "SKNode+Extensions.swift"; sourceTree = "<group>"; };
		1D8FD2541EF5CB8100C29815 /* SKTAudio.swift */ = {isa = PBXFileReference; fileEncoding = 4; lastKnownFileType = sourcecode.swift; path = SKTAudio.swift; sourceTree = "<group>"; };
		1D8FD2551EF5CB8100C29815 /* SKTEffects.swift */ = {isa = PBXFileReference; fileEncoding = 4; lastKnownFileType = sourcecode.swift; path = SKTEffects.swift; sourceTree = "<group>"; };
		1D8FD2561EF5CB8100C29815 /* SKTTimingFunctions.swift */ = {isa = PBXFileReference; fileEncoding = 4; lastKnownFileType = sourcecode.swift; path = SKTTimingFunctions.swift; sourceTree = "<group>"; };
		1D8FD2571EF5CB8100C29815 /* Vector3.swift */ = {isa = PBXFileReference; fileEncoding = 4; lastKnownFileType = sourcecode.swift; path = Vector3.swift; sourceTree = "<group>"; };
		1D8FD2641EF5F39C00C29815 /* Human.swift */ = {isa = PBXFileReference; fileEncoding = 4; lastKnownFileType = sourcecode.swift; name = Human.swift; path = ../Human.swift; sourceTree = "<group>"; };
		1DBF7EA31F06FF6E00E8CB83 /* Assets.xcassets */ = {isa = PBXFileReference; lastKnownFileType = folder.assetcatalog; path = Assets.xcassets; sourceTree = "<group>"; };
		1DCD16A11F11A2A50036A972 /* Splat.sks */ = {isa = PBXFileReference; lastKnownFileType = file.sks; path = Splat.sks; sourceTree = "<group>"; };
		1DCD16A31F11D06B0036A972 /* zMusic.mp3 */ = {isa = PBXFileReference; lastKnownFileType = audio.mp3; path = zMusic.mp3; sourceTree = "<group>"; };
		1DCD16A51F11D09B0036A972 /* brains.wav */ = {isa = PBXFileReference; lastKnownFileType = audio.wav; path = brains.wav; sourceTree = "<group>"; };
		1DCD16A61F11D09B0036A972 /* brains2.wav */ = {isa = PBXFileReference; lastKnownFileType = audio.wav; path = brains2.wav; sourceTree = "<group>"; };
		1DCD16A71F11D09B0036A972 /* brains3.wav */ = {isa = PBXFileReference; lastKnownFileType = audio.wav; path = brains3.wav; sourceTree = "<group>"; };
		1DCD16AB1F11D0D30036A972 /* groan.wav */ = {isa = PBXFileReference; lastKnownFileType = audio.wav; path = groan.wav; sourceTree = "<group>"; };
		1DCD16AD1F11D0EA0036A972 /* rar.wav */ = {isa = PBXFileReference; lastKnownFileType = audio.wav; path = rar.wav; sourceTree = "<group>"; };
		1DCE17FC1EFEEF6000554C4A /* Types.swift */ = {isa = PBXFileReference; fileEncoding = 4; lastKnownFileType = sourcecode.swift; path = Types.swift; sourceTree = "<group>"; };
		1DCE17FE1EFF514400554C4A /* HUD.swift */ = {isa = PBXFileReference; fileEncoding = 4; lastKnownFileType = sourcecode.swift; path = HUD.swift; sourceTree = "<group>"; };
		1DDB063F1EECC0B4002B0707 /* Tap Tap Infect.app */ = {isa = PBXFileReference; explicitFileType = wrapper.application; includeInIndex = 0; path = "Tap Tap Infect.app"; sourceTree = BUILT_PRODUCTS_DIR; };
		1DDB06421EECC0B4002B0707 /* AppDelegate.swift */ = {isa = PBXFileReference; lastKnownFileType = sourcecode.swift; path = AppDelegate.swift; sourceTree = "<group>"; };
		1DDB06441EECC0B4002B0707 /* GameScene.sks */ = {isa = PBXFileReference; lastKnownFileType = file.sks; name = GameScene.sks; path = "Tap Tap Infect/GameScene.sks"; sourceTree = "<group>"; };
		1DDB06461EECC0B4002B0707 /* Actions.sks */ = {isa = PBXFileReference; lastKnownFileType = file.sks; path = Actions.sks; sourceTree = "<group>"; };
		1DDB06481EECC0B4002B0707 /* GameScene.swift */ = {isa = PBXFileReference; lastKnownFileType = sourcecode.swift; path = GameScene.swift; sourceTree = "<group>"; };
		1DDB064A1EECC0B4002B0707 /* GameViewController.swift */ = {isa = PBXFileReference; lastKnownFileType = sourcecode.swift; path = GameViewController.swift; sourceTree = "<group>"; };
		1DDB064D1EECC0B4002B0707 /* Base */ = {isa = PBXFileReference; lastKnownFileType = file.storyboard; name = Base; path = Base.lproj/Main.storyboard; sourceTree = "<group>"; };
		1DDB064F1EECC0B4002B0707 /* Assets.xcassets */ = {isa = PBXFileReference; lastKnownFileType = folder.assetcatalog; path = Assets.xcassets; sourceTree = "<group>"; };
		1DDB06521EECC0B4002B0707 /* Base */ = {isa = PBXFileReference; lastKnownFileType = file.storyboard; name = Base; path = Base.lproj/LaunchScreen.storyboard; sourceTree = "<group>"; };
		1DDB06541EECC0B4002B0707 /* Info.plist */ = {isa = PBXFileReference; lastKnownFileType = text.plist.xml; path = Info.plist; sourceTree = "<group>"; };
		1DE48A871F0EED5B00244A88 /* Brainz.sks */ = {isa = PBXFileReference; lastKnownFileType = file.sks; path = Brainz.sks; sourceTree = "<group>"; };
		1DE48A891F0EEF1500244A88 /* Shout.sks */ = {isa = PBXFileReference; lastKnownFileType = file.sks; path = Shout.sks; sourceTree = "<group>"; };
		1DF0AA3A1F13F42800072810 /* SeashorePeaceAmbiance.mp3 */ = {isa = PBXFileReference; lastKnownFileType = audio.mp3; path = SeashorePeaceAmbiance.mp3; sourceTree = "<group>"; };
		1DF0AA3C1F13F89D00072810 /* Monster-1.wav */ = {isa = PBXFileReference; lastKnownFileType = audio.wav; path = "Monster-1.wav"; sourceTree = "<group>"; };
		1DF0AA3D1F13F89D00072810 /* Monster-2.wav */ = {isa = PBXFileReference; lastKnownFileType = audio.wav; path = "Monster-2.wav"; sourceTree = "<group>"; };
		1DF0AA3E1F13F89D00072810 /* Monster-3.wav */ = {isa = PBXFileReference; lastKnownFileType = audio.wav; path = "Monster-3.wav"; sourceTree = "<group>"; };
		1DF0AA4A1F13FC3000072810 /* reload.mp3 */ = {isa = PBXFileReference; lastKnownFileType = audio.mp3; path = reload.mp3; sourceTree = "<group>"; };
		1DF0AA4E1F13FEBD00072810 /* shoot.wav */ = {isa = PBXFileReference; lastKnownFileType = audio.wav; path = shoot.wav; sourceTree = "<group>"; };
/* End PBXFileReference section */

/* Begin PBXFrameworksBuildPhase section */
		1DDB063C1EECC0B4002B0707 /* Frameworks */ = {
			isa = PBXFrameworksBuildPhase;
			buildActionMask = 2147483647;
			files = (
			);
			runOnlyForDeploymentPostprocessing = 0;
		};
/* End PBXFrameworksBuildPhase section */

/* Begin PBXGroup section */
		1D25266C1EFC6E8100E21FE4 /* Scenes */ = {
			isa = PBXGroup;
			children = (
				1D721A631EFB33EE00CC6F5C /* TileSets.sks */,
				1DDB06441EECC0B4002B0707 /* GameScene.sks */,
			);
			name = Scenes;
			path = ..;
			sourceTree = "<group>";
		};
		1D8FD24B1EF5CB8100C29815 /* SKTUtils */ = {
			isa = PBXGroup;
			children = (
				1D8FD24C1EF5CB8100C29815 /* CGFloat+Extensions.swift */,
				1D8FD24D1EF5CB8100C29815 /* CGPoint+Extensions.swift */,
				1D8FD24E1EF5CB8100C29815 /* CGVector+Extensions.swift */,
				1D8FD24F1EF5CB8100C29815 /* Int+Extensions.swift */,
				1D8FD2501EF5CB8100C29815 /* SKAction+Extensions.swift */,
				1D8FD2511EF5CB8100C29815 /* SKAction+SpecialEffects.swift */,
				1D8FD2521EF5CB8100C29815 /* SKColor+Extensions.swift */,
				1D8FD2531EF5CB8100C29815 /* SKNode+Extensions.swift */,
				1D8FD2541EF5CB8100C29815 /* SKTAudio.swift */,
				1D8FD2551EF5CB8100C29815 /* SKTEffects.swift */,
				1D8FD2561EF5CB8100C29815 /* SKTTimingFunctions.swift */,
				1D8FD2571EF5CB8100C29815 /* Vector3.swift */,
			);
			path = SKTUtils;
			sourceTree = "<group>";
		};
		1DBF7EA11F06FF3900E8CB83 /* Particles */ = {
			isa = PBXGroup;
			children = (
				1DBF7EA31F06FF6E00E8CB83 /* Assets.xcassets */,
				1D3C46E41F0B147A00876582 /* DeathAnimation.sks */,
				1DE48A871F0EED5B00244A88 /* Brainz.sks */,
				1DE48A891F0EEF1500244A88 /* Shout.sks */,
				1DCD16A11F11A2A50036A972 /* Splat.sks */,
			);
			name = Particles;
			path = ..;
			sourceTree = "<group>";
		};
		1DDB06361EECC0B4002B0707 = {
			isa = PBXGroup;
			children = (
				1D8FD24B1EF5CB8100C29815 /* SKTUtils */,
				1DDB065B1EECC4B7002B0707 /* Sounds */,
				1DDB06411EECC0B4002B0707 /* Tap Tap Infect */,
				1DDB06401EECC0B4002B0707 /* Products */,
			);
			sourceTree = "<group>";
		};
		1DDB06401EECC0B4002B0707 /* Products */ = {
			isa = PBXGroup;
			children = (
				1DDB063F1EECC0B4002B0707 /* Tap Tap Infect.app */,
			);
			name = Products;
			sourceTree = "<group>";
		};
		1DDB06411EECC0B4002B0707 /* Tap Tap Infect */ = {
			isa = PBXGroup;
			children = (
				1D25266C1EFC6E8100E21FE4 /* Scenes */,
				1DBF7EA11F06FF3900E8CB83 /* Particles */,
				1DDB06461EECC0B4002B0707 /* Actions.sks */,
				1DDB06421EECC0B4002B0707 /* AppDelegate.swift */,
				1DDB064F1EECC0B4002B0707 /* Assets.xcassets */,
				1D3C46E61F0B2B0200876582 /* Button.swift */,
				1DDB06481EECC0B4002B0707 /* GameScene.swift */,
				1DDB064A1EECC0B4002B0707 /* GameViewController.swift */,
				1DCE17FE1EFF514400554C4A /* HUD.swift */,
				1D8FD2641EF5F39C00C29815 /* Human.swift */,
				1DDB06541EECC0B4002B0707 /* Info.plist */,
				1DDB06511EECC0B4002B0707 /* LaunchScreen.storyboard */,
				1DDB064C1EECC0B4002B0707 /* Main.storyboard */,
				1DCE17FC1EFEEF6000554C4A /* Types.swift */,
			);
			path = "Tap Tap Infect";
			sourceTree = "<group>";
		};
		1DDB065B1EECC4B7002B0707 /* Sounds */ = {
			isa = PBXGroup;
			children = (
				1DF0AA4E1F13FEBD00072810 /* shoot.wav */,
				1DF0AA4A1F13FC3000072810 /* reload.mp3 */,
				1DF0AA3C1F13F89D00072810 /* Monster-1.wav */,
				1DF0AA3D1F13F89D00072810 /* Monster-2.wav */,
				1DF0AA3E1F13F89D00072810 /* Monster-3.wav */,
				1DF0AA3A1F13F42800072810 /* SeashorePeaceAmbiance.mp3 */,
				1DCD16A31F11D06B0036A972 /* zMusic.mp3 */,
				1DCD16AD1F11D0EA0036A972 /* rar.wav */,
				1DCD16AB1F11D0D30036A972 /* groan.wav */,
				1DCD16A51F11D09B0036A972 /* brains.wav */,
				1DCD16A61F11D09B0036A972 /* brains2.wav */,
				1DCD16A71F11D09B0036A972 /* brains3.wav */,
			);
			name = Sounds;
			sourceTree = "<group>";
		};
/* End PBXGroup section */

/* Begin PBXNativeTarget section */
		1DDB063E1EECC0B4002B0707 /* Tap Tap Infect */ = {
			isa = PBXNativeTarget;
			buildConfigurationList = 1DDB06571EECC0B4002B0707 /* Build configuration list for PBXNativeTarget "Tap Tap Infect" */;
			buildPhases = (
				1DDB063B1EECC0B4002B0707 /* Sources */,
				1DDB063C1EECC0B4002B0707 /* Frameworks */,
				1DDB063D1EECC0B4002B0707 /* Resources */,
			);
			buildRules = (
			);
			dependencies = (
			);
			name = "Tap Tap Infect";
			productName = "Tap Tap Infect";
			productReference = 1DDB063F1EECC0B4002B0707 /* Tap Tap Infect.app */;
			productType = "com.apple.product-type.application";
		};
/* End PBXNativeTarget section */

/* Begin PBXProject section */
		1DDB06371EECC0B4002B0707 /* Project object */ = {
			isa = PBXProject;
			attributes = {
				LastSwiftUpdateCheck = 0830;
				LastUpgradeCheck = 0830;
				ORGANIZATIONNAME = "Jason Patrick Berry";
				TargetAttributes = {
					1DDB063E1EECC0B4002B0707 = {
						CreatedOnToolsVersion = 8.3.2;
						DevelopmentTeam = Q6BMPR5K2Q;
						ProvisioningStyle = Automatic;
					};
				};
			};
			buildConfigurationList = 1DDB063A1EECC0B4002B0707 /* Build configuration list for PBXProject "Tap Tap Infect" */;
			compatibilityVersion = "Xcode 3.2";
			developmentRegion = English;
			hasScannedForEncodings = 0;
			knownRegions = (
				en,
				Base,
			);
			mainGroup = 1DDB06361EECC0B4002B0707;
			productRefGroup = 1DDB06401EECC0B4002B0707 /* Products */;
			projectDirPath = "";
			projectRoot = "";
			targets = (
				1DDB063E1EECC0B4002B0707 /* Tap Tap Infect */,
			);
		};
/* End PBXProject section */

/* Begin PBXResourcesBuildPhase section */
		1DDB063D1EECC0B4002B0707 /* Resources */ = {
			isa = PBXResourcesBuildPhase;
			buildActionMask = 2147483647;
			files = (
				1DCD16A91F11D09B0036A972 /* brains2.wav in Resources */,
				1D721A641EFB33EE00CC6F5C /* TileSets.sks in Resources */,
				1DDB064E1EECC0B4002B0707 /* Main.storyboard in Resources */,
				1DCD16A21F11A2A50036A972 /* Splat.sks in Resources */,
				1DDB06451EECC0B4002B0707 /* GameScene.sks in Resources */,
				1DCD16AA1F11D09B0036A972 /* brains3.wav in Resources */,
				1DE48A8A1F0EEF1500244A88 /* Shout.sks in Resources */,
				1DF0AA4C1F13FC3000072810 /* reload.mp3 in Resources */,
				1DF0AA4F1F13FEBD00072810 /* shoot.wav in Resources */,
				1DE48A881F0EED5B00244A88 /* Brainz.sks in Resources */,
				1DF0AA3B1F13F42800072810 /* SeashorePeaceAmbiance.mp3 in Resources */,
				1DDB06501EECC0B4002B0707 /* Assets.xcassets in Resources */,
				1DCD16A81F11D09B0036A972 /* brains.wav in Resources */,
				1DF0AA431F13F89D00072810 /* Monster-1.wav in Resources */,
				1DF0AA441F13F89D00072810 /* Monster-2.wav in Resources */,
				1DDB06531EECC0B4002B0707 /* LaunchScreen.storyboard in Resources */,
				1DBF7EA51F06FF6E00E8CB83 /* Assets.xcassets in Resources */,
				1DCD16AE1F11D0EA0036A972 /* rar.wav in Resources */,
				1DCD16AC1F11D0D30036A972 /* groan.wav in Resources */,
				1DCD16A41F11D06C0036A972 /* zMusic.mp3 in Resources */,
				1DDB06471EECC0B4002B0707 /* Actions.sks in Resources */,
				1DF0AA451F13F89D00072810 /* Monster-3.wav in Resources */,
				1D3C46E51F0B147A00876582 /* DeathAnimation.sks in Resources */,
			);
			runOnlyForDeploymentPostprocessing = 0;
		};
/* End PBXResourcesBuildPhase section */

/* Begin PBXSourcesBuildPhase section */
		1DDB063B1EECC0B4002B0707 /* Sources */ = {
			isa = PBXSourcesBuildPhase;
			buildActionMask = 2147483647;
			files = (
				1DDB06491EECC0B4002B0707 /* GameScene.swift in Sources */,
				1D8FD2621EF5CB8100C29815 /* SKTTimingFunctions.swift in Sources */,
				1DCE17FD1EFEEF6000554C4A /* Types.swift in Sources */,
				1D8FD25A1EF5CB8100C29815 /* CGVector+Extensions.swift in Sources */,
				1D8FD2591EF5CB8100C29815 /* CGPoint+Extensions.swift in Sources */,
				1D8FD2581EF5CB8100C29815 /* CGFloat+Extensions.swift in Sources */,
				1D3C46E71F0B2B0200876582 /* Button.swift in Sources */,
				1DDB064B1EECC0B4002B0707 /* GameViewController.swift in Sources */,
				1D8FD2651EF5F39C00C29815 /* Human.swift in Sources */,
				1D8FD2601EF5CB8100C29815 /* SKTAudio.swift in Sources */,
				1D8FD25F1EF5CB8100C29815 /* SKNode+Extensions.swift in Sources */,
				1D8FD25C1EF5CB8100C29815 /* SKAction+Extensions.swift in Sources */,
				1D8FD25D1EF5CB8100C29815 /* SKAction+SpecialEffects.swift in Sources */,
				1DDB06431EECC0B4002B0707 /* AppDelegate.swift in Sources */,
				1D8FD2611EF5CB8100C29815 /* SKTEffects.swift in Sources */,
				1D8FD25B1EF5CB8100C29815 /* Int+Extensions.swift in Sources */,
				1DCE17FF1EFF514400554C4A /* HUD.swift in Sources */,
				1D8FD2631EF5CB8100C29815 /* Vector3.swift in Sources */,
				1D8FD25E1EF5CB8100C29815 /* SKColor+Extensions.swift in Sources */,
			);
			runOnlyForDeploymentPostprocessing = 0;
		};
/* End PBXSourcesBuildPhase section */

/* Begin PBXVariantGroup section */
		1DDB064C1EECC0B4002B0707 /* Main.storyboard */ = {
			isa = PBXVariantGroup;
			children = (
				1DDB064D1EECC0B4002B0707 /* Base */,
			);
			name = Main.storyboard;
			sourceTree = "<group>";
		};
		1DDB06511EECC0B4002B0707 /* LaunchScreen.storyboard */ = {
			isa = PBXVariantGroup;
			children = (
				1DDB06521EECC0B4002B0707 /* Base */,
			);
			name = LaunchScreen.storyboard;
			sourceTree = "<group>";
		};
/* End PBXVariantGroup section */

/* Begin XCBuildConfiguration section */
		1DDB06551EECC0B4002B0707 /* Debug */ = {
			isa = XCBuildConfiguration;
			buildSettings = {
				ALWAYS_SEARCH_USER_PATHS = NO;
				CLANG_ANALYZER_NONNULL = YES;
				CLANG_ANALYZER_NUMBER_OBJECT_CONVERSION = YES_AGGRESSIVE;
				CLANG_CXX_LANGUAGE_STANDARD = "gnu++0x";
				CLANG_CXX_LIBRARY = "libc++";
				CLANG_ENABLE_MODULES = YES;
				CLANG_ENABLE_OBJC_ARC = YES;
				CLANG_WARN_BOOL_CONVERSION = YES;
				CLANG_WARN_CONSTANT_CONVERSION = YES;
				CLANG_WARN_DIRECT_OBJC_ISA_USAGE = YES_ERROR;
				CLANG_WARN_DOCUMENTATION_COMMENTS = YES;
				CLANG_WARN_EMPTY_BODY = YES;
				CLANG_WARN_ENUM_CONVERSION = YES;
				CLANG_WARN_INFINITE_RECURSION = YES;
				CLANG_WARN_INT_CONVERSION = YES;
				CLANG_WARN_OBJC_ROOT_CLASS = YES_ERROR;
				CLANG_WARN_SUSPICIOUS_MOVE = YES;
				CLANG_WARN_UNREACHABLE_CODE = YES;
				CLANG_WARN__DUPLICATE_METHOD_MATCH = YES;
				"CODE_SIGN_IDENTITY[sdk=iphoneos*]" = "iPhone Developer";
				COPY_PHASE_STRIP = NO;
				DEBUG_INFORMATION_FORMAT = dwarf;
				ENABLE_STRICT_OBJC_MSGSEND = YES;
				ENABLE_TESTABILITY = YES;
				GCC_C_LANGUAGE_STANDARD = gnu99;
				GCC_DYNAMIC_NO_PIC = NO;
				GCC_NO_COMMON_BLOCKS = YES;
				GCC_OPTIMIZATION_LEVEL = 0;
				GCC_PREPROCESSOR_DEFINITIONS = (
					"DEBUG=1",
					"$(inherited)",
				);
				GCC_WARN_64_TO_32_BIT_CONVERSION = YES;
				GCC_WARN_ABOUT_RETURN_TYPE = YES_ERROR;
				GCC_WARN_UNDECLARED_SELECTOR = YES;
				GCC_WARN_UNINITIALIZED_AUTOS = YES_AGGRESSIVE;
				GCC_WARN_UNUSED_FUNCTION = YES;
				GCC_WARN_UNUSED_VARIABLE = YES;
				IPHONEOS_DEPLOYMENT_TARGET = 10.3;
				MTL_ENABLE_DEBUG_INFO = YES;
				ONLY_ACTIVE_ARCH = YES;
				SDKROOT = iphoneos;
				SWIFT_ACTIVE_COMPILATION_CONDITIONS = DEBUG;
				SWIFT_OPTIMIZATION_LEVEL = "-Onone";
				TARGETED_DEVICE_FAMILY = "1,2";
			};
			name = Debug;
		};
		1DDB06561EECC0B4002B0707 /* Release */ = {
			isa = XCBuildConfiguration;
			buildSettings = {
				ALWAYS_SEARCH_USER_PATHS = NO;
				CLANG_ANALYZER_NONNULL = YES;
				CLANG_ANALYZER_NUMBER_OBJECT_CONVERSION = YES_AGGRESSIVE;
				CLANG_CXX_LANGUAGE_STANDARD = "gnu++0x";
				CLANG_CXX_LIBRARY = "libc++";
				CLANG_ENABLE_MODULES = YES;
				CLANG_ENABLE_OBJC_ARC = YES;
				CLANG_WARN_BOOL_CONVERSION = YES;
				CLANG_WARN_CONSTANT_CONVERSION = YES;
				CLANG_WARN_DIRECT_OBJC_ISA_USAGE = YES_ERROR;
				CLANG_WARN_DOCUMENTATION_COMMENTS = YES;
				CLANG_WARN_EMPTY_BODY = YES;
				CLANG_WARN_ENUM_CONVERSION = YES;
				CLANG_WARN_INFINITE_RECURSION = YES;
				CLANG_WARN_INT_CONVERSION = YES;
				CLANG_WARN_OBJC_ROOT_CLASS = YES_ERROR;
				CLANG_WARN_SUSPICIOUS_MOVE = YES;
				CLANG_WARN_UNREACHABLE_CODE = YES;
				CLANG_WARN__DUPLICATE_METHOD_MATCH = YES;
				"CODE_SIGN_IDENTITY[sdk=iphoneos*]" = "iPhone Developer";
				COPY_PHASE_STRIP = NO;
				DEBUG_INFORMATION_FORMAT = "dwarf-with-dsym";
				ENABLE_NS_ASSERTIONS = NO;
				ENABLE_STRICT_OBJC_MSGSEND = YES;
				GCC_C_LANGUAGE_STANDARD = gnu99;
				GCC_NO_COMMON_BLOCKS = YES;
				GCC_WARN_64_TO_32_BIT_CONVERSION = YES;
				GCC_WARN_ABOUT_RETURN_TYPE = YES_ERROR;
				GCC_WARN_UNDECLARED_SELECTOR = YES;
				GCC_WARN_UNINITIALIZED_AUTOS = YES_AGGRESSIVE;
				GCC_WARN_UNUSED_FUNCTION = YES;
				GCC_WARN_UNUSED_VARIABLE = YES;
				IPHONEOS_DEPLOYMENT_TARGET = 10.3;
				MTL_ENABLE_DEBUG_INFO = NO;
				SDKROOT = iphoneos;
				SWIFT_OPTIMIZATION_LEVEL = "-Owholemodule";
				TARGETED_DEVICE_FAMILY = "1,2";
				VALIDATE_PRODUCT = YES;
			};
			name = Release;
		};
		1DDB06581EECC0B4002B0707 /* Debug */ = {
			isa = XCBuildConfiguration;
			buildSettings = {
				ASSETCATALOG_COMPILER_APPICON_NAME = AppIcon;
				DEVELOPMENT_TEAM = Q6BMPR5K2Q;
				INFOPLIST_FILE = "Tap Tap Infect/Info.plist";
				LD_RUNPATH_SEARCH_PATHS = "$(inherited) @executable_path/Frameworks";
				PRODUCT_BUNDLE_IDENTIFIER = "com.jasonberry.Tap-Tap-Infect";
				PRODUCT_NAME = "$(TARGET_NAME)";
				SWIFT_VERSION = 3.0;
			};
			name = Debug;
		};
		1DDB06591EECC0B4002B0707 /* Release */ = {
			isa = XCBuildConfiguration;
			buildSettings = {
				ASSETCATALOG_COMPILER_APPICON_NAME = AppIcon;
				DEVELOPMENT_TEAM = Q6BMPR5K2Q;
				INFOPLIST_FILE = "Tap Tap Infect/Info.plist";
				LD_RUNPATH_SEARCH_PATHS = "$(inherited) @executable_path/Frameworks";
				PRODUCT_BUNDLE_IDENTIFIER = "com.jasonberry.Tap-Tap-Infect";
				PRODUCT_NAME = "$(TARGET_NAME)";
				SWIFT_VERSION = 3.0;
			};
			name = Release;
		};
/* End XCBuildConfiguration section */

/* Begin XCConfigurationList section */
		1DDB063A1EECC0B4002B0707 /* Build configuration list for PBXProject "Tap Tap Infect" */ = {
			isa = XCConfigurationList;
			buildConfigurations = (
				1DDB06551EECC0B4002B0707 /* Debug */,
				1DDB06561EECC0B4002B0707 /* Release */,
			);
			defaultConfigurationIsVisible = 0;
			defaultConfigurationName = Release;
		};
		1DDB06571EECC0B4002B0707 /* Build configuration list for PBXNativeTarget "Tap Tap Infect" */ = {
			isa = XCConfigurationList;
			buildConfigurations = (
				1DDB06581EECC0B4002B0707 /* Debug */,
				1DDB06591EECC0B4002B0707 /* Release */,
			);
			defaultConfigurationIsVisible = 0;
			defaultConfigurationName = Release;
		};
/* End XCConfigurationList section */
	};
	rootObject = 1DDB06371EECC0B4002B0707 /* Project object */;
}
